
Microsoft Visual Studio Solution File, Format Version 12.00
# Visual Studio 15
Project("{FAE04EC0-301F-11D3-BF4B-00C04F79EFBC}") = "UnityEngine.TestRunner", "UnityEngine.TestRunner.csproj", "{D85527D2-729D-5525-14F3-568A68EFB5D8}"
EndProject
Project("{FAE04EC0-301F-11D3-BF4B-00C04F79EFBC}") = "Unity.Postprocessing.Runtime", "Unity.Postprocessing.Runtime.csproj", "{E25BBCFC-3926-E435-1CBA-F06F77CF263D}"
EndProject
Project("{FAE04EC0-301F-11D3-BF4B-00C04F79EFBC}") = "Unity.RenderPipelines.Lightweight.Runtime", "Unity.RenderPipelines.Lightweight.Runtime.csproj", "{624B8B68-94A7-845B-3B79-A0A17915DE25}"
EndProject
Project("{FAE04EC0-301F-11D3-BF4B-00C04F79EFBC}") = "UnityEngine.UI", "UnityEngine.UI.csproj", "{FE0B75CA-84F8-C8C4-C70C-ECC088BAAAD0}"
EndProject
Project("{FAE04EC0-301F-11D3-BF4B-00C04F79EFBC}") = "Unity.TextMeshPro", "Unity.TextMeshPro.csproj", "{4CB32459-509B-A455-9677-C41B1A059168}"
EndProject
Project("{FAE04EC0-301F-11D3-BF4B-00C04F79EFBC}") = "Unity.Timeline", "Unity.Timeline.csproj", "{925507F8-7F72-9B4D-0820-72BAD4CB3A25}"
EndProject
Project("{FAE04EC0-301F-11D3-BF4B-00C04F79EFBC}") = "Unity.RenderPipelines.Core.Runtime", "Unity.RenderPipelines.Core.Runtime.csproj", "{FAC524C9-7784-FB68-A01A-1AE2D84990C3}"
EndProject
Project("{FAE04EC0-301F-11D3-BF4B-00C04F79EFBC}") = "Unity.RenderPipelines.ShaderGraph.ShaderGraphLibrary", "Unity.RenderPipelines.ShaderGraph.ShaderGraphLibrary.csproj", "{888C4502-CD64-CB9D-0993-0D645D106BD1}"
EndProject
Project("{FAE04EC0-301F-11D3-BF4B-00C04F79EFBC}") = "Unity.RenderPipelines.Core.ShaderLibrary", "Unity.RenderPipelines.Core.ShaderLibrary.csproj", "{601A1ED5-936B-EB4F-77B5-DFEB5E87BEC3}"
EndProject
Project("{FAE04EC0-301F-11D3-BF4B-00C04F79EFBC}") = "Assembly-CSharp", "Assembly-CSharp.csproj", "{54CAC70B-DC74-E60B-80BA-CB19ABF74581}"
EndProject
Project("{FAE04EC0-301F-11D3-BF4B-00C04F79EFBC}") = "Unity.ShaderGraph.Editor", "Unity.ShaderGraph.Editor.csproj", "{4FF4B0FA-E068-342B-2880-17325873BBC0}"
EndProject
Project("{FAE04EC0-301F-11D3-BF4B-00C04F79EFBC}") = "Unity.TextMeshPro.Editor", "Unity.TextMeshPro.Editor.csproj", "{F5533491-5568-5F07-AE26-CDD8F71CDA49}"
EndProject
Project("{FAE04EC0-301F-11D3-BF4B-00C04F79EFBC}") = "Unity.Timeline.Editor", "Unity.Timeline.Editor.csproj", "{59C03F90-C27D-2A57-1403-576F43A0492C}"
EndProject
Project("{FAE04EC0-301F-11D3-BF4B-00C04F79EFBC}") = "UnityEditor.TestRunner", "UnityEditor.TestRunner.csproj", "{754A02F3-D557-777A-C9E0-470DEC3E99B9}"
EndProject
Project("{FAE04EC0-301F-11D3-BF4B-00C04F79EFBC}") = "Unity.RenderPipelines.Lightweight.Editor", "Unity.RenderPipelines.Lightweight.Editor.csproj", "{345AD47A-4D11-EA44-E35B-4D985D109493}"
EndProject
Project("{FAE04EC0-301F-11D3-BF4B-00C04F79EFBC}") = "UnityEditor.UI", "UnityEditor.UI.csproj", "{F7354787-69A5-2120-D55A-250C02C560C3}"
EndProject
Project("{FAE04EC0-301F-11D3-BF4B-00C04F79EFBC}") = "Unity.RenderPipelines.Core.Editor", "Unity.RenderPipelines.Core.Editor.csproj", "{966662B4-4559-065B-1A8A-4843F6ED29D5}"
EndProject
Project("{FAE04EC0-301F-11D3-BF4B-00C04F79EFBC}") = "Unity.Postprocessing.Editor", "Unity.Postprocessing.Editor.csproj", "{8D49EBCE-309E-5AA2-78CB-43432CBEF3CE}"
EndProject
Project("{FAE04EC0-301F-11D3-BF4B-00C04F79EFBC}") = "Unity.CollabProxy.Editor", "Unity.CollabProxy.Editor.csproj", "{0A577FE3-F9BC-ABA0-F9F6-20F5D3C8D874}"
EndProject
Project("{FAE04EC0-301F-11D3-BF4B-00C04F79EFBC}") = "Unity.VSCode.Editor", "Unity.VSCode.Editor.csproj", "{1332D9A5-538A-F7D9-6519-EAAB98CBA02C}"
EndProject
Project("{FAE04EC0-301F-11D3-BF4B-00C04F79EFBC}") = "Unity.Rider.Editor", "Unity.Rider.Editor.csproj", "{E3338948-8EFB-5349-9299-A4D090A7DF3F}"
EndProject
Global
	GlobalSection(SolutionConfigurationPlatforms) = preSolution
		Debug|Any CPU = Debug|Any CPU
		Release|Any CPU = Release|Any CPU
	EndGlobalSection
	GlobalSection(ProjectConfigurationPlatforms) = postSolution
		{D85527D2-729D-5525-14F3-568A68EFB5D8}.Debug|Any CPU.ActiveCfg = Debug|Any CPU
		{D85527D2-729D-5525-14F3-568A68EFB5D8}.Debug|Any CPU.Build.0 = Debug|Any CPU
		{D85527D2-729D-5525-14F3-568A68EFB5D8}.Release|Any CPU.ActiveCfg = Release|Any CPU
		{D85527D2-729D-5525-14F3-568A68EFB5D8}.Release|Any CPU.Build.0 = Release|Any CPU
		{E25BBCFC-3926-E435-1CBA-F06F77CF263D}.Debug|Any CPU.ActiveCfg = Debug|Any CPU
		{E25BBCFC-3926-E435-1CBA-F06F77CF263D}.Debug|Any CPU.Build.0 = Debug|Any CPU
		{E25BBCFC-3926-E435-1CBA-F06F77CF263D}.Release|Any CPU.ActiveCfg = Release|Any CPU
		{E25BBCFC-3926-E435-1CBA-F06F77CF263D}.Release|Any CPU.Build.0 = Release|Any CPU
		{624B8B68-94A7-845B-3B79-A0A17915DE25}.Debug|Any CPU.ActiveCfg = Debug|Any CPU
		{624B8B68-94A7-845B-3B79-A0A17915DE25}.Debug|Any CPU.Build.0 = Debug|Any CPU
		{624B8B68-94A7-845B-3B79-A0A17915DE25}.Release|Any CPU.ActiveCfg = Release|Any CPU
		{624B8B68-94A7-845B-3B79-A0A17915DE25}.Release|Any CPU.Build.0 = Release|Any CPU
		{FE0B75CA-84F8-C8C4-C70C-ECC088BAAAD0}.Debug|Any CPU.ActiveCfg = Debug|Any CPU
		{FE0B75CA-84F8-C8C4-C70C-ECC088BAAAD0}.Debug|Any CPU.Build.0 = Debug|Any CPU
		{FE0B75CA-84F8-C8C4-C70C-ECC088BAAAD0}.Release|Any CPU.ActiveCfg = Release|Any CPU
		{FE0B75CA-84F8-C8C4-C70C-ECC088BAAAD0}.Release|Any CPU.Build.0 = Release|Any CPU
		{4CB32459-509B-A455-9677-C41B1A059168}.Debug|Any CPU.ActiveCfg = Debug|Any CPU
		{4CB32459-509B-A455-9677-C41B1A059168}.Debug|Any CPU.Build.0 = Debug|Any CPU
		{4CB32459-509B-A455-9677-C41B1A059168}.Release|Any CPU.ActiveCfg = Release|Any CPU
		{4CB32459-509B-A455-9677-C41B1A059168}.Release|Any CPU.Build.0 = Release|Any CPU
		{925507F8-7F72-9B4D-0820-72BAD4CB3A25}.Debug|Any CPU.ActiveCfg = Debug|Any CPU
		{925507F8-7F72-9B4D-0820-72BAD4CB3A25}.Debug|Any CPU.Build.0 = Debug|Any CPU
		{925507F8-7F72-9B4D-0820-72BAD4CB3A25}.Release|Any CPU.ActiveCfg = Release|Any CPU
		{925507F8-7F72-9B4D-0820-72BAD4CB3A25}.Release|Any CPU.Build.0 = Release|Any CPU
		{FAC524C9-7784-FB68-A01A-1AE2D84990C3}.Debug|Any CPU.ActiveCfg = Debug|Any CPU
		{FAC524C9-7784-FB68-A01A-1AE2D84990C3}.Debug|Any CPU.Build.0 = Debug|Any CPU
		{FAC524C9-7784-FB68-A01A-1AE2D84990C3}.Release|Any CPU.ActiveCfg = Release|Any CPU
		{FAC524C9-7784-FB68-A01A-1AE2D84990C3}.Release|Any CPU.Build.0 = Release|Any CPU
		{888C4502-CD64-CB9D-0993-0D645D106BD1}.Debug|Any CPU.ActiveCfg = Debug|Any CPU
		{888C4502-CD64-CB9D-0993-0D645D106BD1}.Debug|Any CPU.Build.0 = Debug|Any CPU
		{888C4502-CD64-CB9D-0993-0D645D106BD1}.Release|Any CPU.ActiveCfg = Release|Any CPU
		{888C4502-CD64-CB9D-0993-0D645D106BD1}.Release|Any CPU.Build.0 = Release|Any CPU
		{601A1ED5-936B-EB4F-77B5-DFEB5E87BEC3}.Debug|Any CPU.ActiveCfg = Debug|Any CPU
		{601A1ED5-936B-EB4F-77B5-DFEB5E87BEC3}.Debug|Any CPU.Build.0 = Debug|Any CPU
		{601A1ED5-936B-EB4F-77B5-DFEB5E87BEC3}.Release|Any CPU.ActiveCfg = Release|Any CPU
		{601A1ED5-936B-EB4F-77B5-DFEB5E87BEC3}.Release|Any CPU.Build.0 = Release|Any CPU
		{54CAC70B-DC74-E60B-80BA-CB19ABF74581}.Debug|Any CPU.ActiveCfg = Debug|Any CPU
		{54CAC70B-DC74-E60B-80BA-CB19ABF74581}.Debug|Any CPU.Build.0 = Debug|Any CPU
		{54CAC70B-DC74-E60B-80BA-CB19ABF74581}.Release|Any CPU.ActiveCfg = Release|Any CPU
		{54CAC70B-DC74-E60B-80BA-CB19ABF74581}.Release|Any CPU.Build.0 = Release|Any CPU
		{4FF4B0FA-E068-342B-2880-17325873BBC0}.Debug|Any CPU.ActiveCfg = Debug|Any CPU
		{4FF4B0FA-E068-342B-2880-17325873BBC0}.Debug|Any CPU.Build.0 = Debug|Any CPU
		{4FF4B0FA-E068-342B-2880-17325873BBC0}.Release|Any CPU.ActiveCfg = Release|Any CPU
		{4FF4B0FA-E068-342B-2880-17325873BBC0}.Release|Any CPU.Build.0 = Release|Any CPU
		{F5533491-5568-5F07-AE26-CDD8F71CDA49}.Debug|Any CPU.ActiveCfg = Debug|Any CPU
		{F5533491-5568-5F07-AE26-CDD8F71CDA49}.Debug|Any CPU.Build.0 = Debug|Any CPU
		{F5533491-5568-5F07-AE26-CDD8F71CDA49}.Release|Any CPU.ActiveCfg = Release|Any CPU
		{F5533491-5568-5F07-AE26-CDD8F71CDA49}.Release|Any CPU.Build.0 = Release|Any CPU
		{59C03F90-C27D-2A57-1403-576F43A0492C}.Debug|Any CPU.ActiveCfg = Debug|Any CPU
		{59C03F90-C27D-2A57-1403-576F43A0492C}.Debug|Any CPU.Build.0 = Debug|Any CPU
		{59C03F90-C27D-2A57-1403-576F43A0492C}.Release|Any CPU.ActiveCfg = Release|Any CPU
		{59C03F90-C27D-2A57-1403-576F43A0492C}.Release|Any CPU.Build.0 = Release|Any CPU
		{754A02F3-D557-777A-C9E0-470DEC3E99B9}.Debug|Any CPU.ActiveCfg = Debug|Any CPU
		{754A02F3-D557-777A-C9E0-470DEC3E99B9}.Debug|Any CPU.Build.0 = Debug|Any CPU
		{754A02F3-D557-777A-C9E0-470DEC3E99B9}.Release|Any CPU.ActiveCfg = Release|Any CPU
		{754A02F3-D557-777A-C9E0-470DEC3E99B9}.Release|Any CPU.Build.0 = Release|Any CPU
		{345AD47A-4D11-EA44-E35B-4D985D109493}.Debug|Any CPU.ActiveCfg = Debug|Any CPU
		{345AD47A-4D11-EA44-E35B-4D985D109493}.Debug|Any CPU.Build.0 = Debug|Any CPU
		{345AD47A-4D11-EA44-E35B-4D985D109493}.Release|Any CPU.ActiveCfg = Release|Any CPU
		{345AD47A-4D11-EA44-E35B-4D985D109493}.Release|Any CPU.Build.0 = Release|Any CPU
		{F7354787-69A5-2120-D55A-250C02C560C3}.Debug|Any CPU.ActiveCfg = Debug|Any CPU
		{F7354787-69A5-2120-D55A-250C02C560C3}.Debug|Any CPU.Build.0 = Debug|Any CPU
		{F7354787-69A5-2120-D55A-250C02C560C3}.Release|Any CPU.ActiveCfg = Release|Any CPU
		{F7354787-69A5-2120-D55A-250C02C560C3}.Release|Any CPU.Build.0 = Release|Any CPU
		{966662B4-4559-065B-1A8A-4843F6ED29D5}.Debug|Any CPU.ActiveCfg = Debug|Any CPU
		{966662B4-4559-065B-1A8A-4843F6ED29D5}.Debug|Any CPU.Build.0 = Debug|Any CPU
		{966662B4-4559-065B-1A8A-4843F6ED29D5}.Release|Any CPU.ActiveCfg = Release|Any CPU
		{966662B4-4559-065B-1A8A-4843F6ED29D5}.Release|Any CPU.Build.0 = Release|Any CPU
		{8D49EBCE-309E-5AA2-78CB-43432CBEF3CE}.Debug|Any CPU.ActiveCfg = Debug|Any CPU
		{8D49EBCE-309E-5AA2-78CB-43432CBEF3CE}.Debug|Any CPU.Build.0 = Debug|Any CPU
		{8D49EBCE-309E-5AA2-78CB-43432CBEF3CE}.Release|Any CPU.ActiveCfg = Release|Any CPU
		{8D49EBCE-309E-5AA2-78CB-43432CBEF3CE}.Release|Any CPU.Build.0 = Release|Any CPU
		{0A577FE3-F9BC-ABA0-F9F6-20F5D3C8D874}.Debug|Any CPU.ActiveCfg = Debug|Any CPU
		{0A577FE3-F9BC-ABA0-F9F6-20F5D3C8D874}.Debug|Any CPU.Build.0 = Debug|Any CPU
		{0A577FE3-F9BC-ABA0-F9F6-20F5D3C8D874}.Release|Any CPU.ActiveCfg = Release|Any CPU
		{0A577FE3-F9BC-ABA0-F9F6-20F5D3C8D874}.Release|Any CPU.Build.0 = Release|Any CPU
		{1332D9A5-538A-F7D9-6519-EAAB98CBA02C}.Debug|Any CPU.ActiveCfg = Debug|Any CPU
		{1332D9A5-538A-F7D9-6519-EAAB98CBA02C}.Debug|Any CPU.Build.0 = Debug|Any CPU
		{1332D9A5-538A-F7D9-6519-EAAB98CBA02C}.Release|Any CPU.ActiveCfg = Release|Any CPU
		{1332D9A5-538A-F7D9-6519-EAAB98CBA02C}.Release|Any CPU.Build.0 = Release|Any CPU
		{E3338948-8EFB-5349-9299-A4D090A7DF3F}.Debug|Any CPU.ActiveCfg = Debug|Any CPU
		{E3338948-8EFB-5349-9299-A4D090A7DF3F}.Debug|Any CPU.Build.0 = Debug|Any CPU
		{E3338948-8EFB-5349-9299-A4D090A7DF3F}.Release|Any CPU.ActiveCfg = Release|Any CPU
		{E3338948-8EFB-5349-9299-A4D090A7DF3F}.Release|Any CPU.Build.0 = Release|Any CPU
	EndGlobalSection
	GlobalSection(SolutionProperties) = preSolution
		HideSolutionNode = FALSE
	EndGlobalSection
EndGlobal
